
Microsoft Visual Studio Solution File, Format Version 12.00
# Visual Studio Version 17
VisualStudioVersion = 17.14.36203.30 d17.14
MinimumVisualStudioVersion = 10.0.40219.1
Project("{FAE04EC0-301F-11D3-BF4B-00C04F79EFBC}") = "BudgetAPI", "BudgetAPI\BudgetAPI.csproj", "{AC1590F8-2A37-4787-9553-F78B7C886643}"
EndProject
Global
	GlobalSection(SolutionConfigurationPlatforms) = preSolution
		Debug|Any CPU = Debug|Any CPU
		Release|Any CPU = Release|Any CPU
	EndGlobalSection
	GlobalSection(ProjectConfigurationPlatforms) = postSolution
		{AC1590F8-2A37-4787-9553-F78B7C886643}.Debug|Any CPU.ActiveCfg = Debug|Any CPU
		{AC1590F8-2A37-4787-9553-F78B7C886643}.Debug|Any CPU.Build.0 = Debug|Any CPU
		{AC1590F8-2A37-4787-9553-F78B7C886643}.Release|Any CPU.ActiveCfg = Release|Any CPU
		{AC1590F8-2A37-4787-9553-F78B7C886643}.Release|Any CPU.Build.0 = Release|Any CPU
	EndGlobalSection
	GlobalSection(SolutionProperties) = preSolution
		HideSolutionNode = FALSE
	EndGlobalSection
	GlobalSection(ExtensibilityGlobals) = postSolution
		SolutionGuid = {AC6817ED-B90A-41D9-AA59-7B30141B894F}
	EndGlobalSection
EndGlobal
